
Microsoft Visual Studio Solution File, Format Version 12.00
# Visual Studio Version 17
VisualStudioVersion = 17.8.34330.188
MinimumVisualStudioVersion = 10.0.40219.1
Project("{FAE04EC0-301F-11D3-BF4B-00C04F79EFBC}") = "PracticeJan2_2PM", "PracticeJan2_2PM\PracticeJan2_2PM.csproj", "{000D1C5F-0D15-4614-A934-F0F4073E8E1D}"
EndProject
Global
	GlobalSection(SolutionConfigurationPlatforms) = preSolution
		Debug|Any CPU = Debug|Any CPU
		Release|Any CPU = Release|Any CPU
	EndGlobalSection
	GlobalSection(ProjectConfigurationPlatforms) = postSolution
		{000D1C5F-0D15-4614-A934-F0F4073E8E1D}.Debug|Any CPU.ActiveCfg = Debug|Any CPU
		{000D1C5F-0D15-4614-A934-F0F4073E8E1D}.Debug|Any CPU.Build.0 = Debug|Any CPU
		{000D1C5F-0D15-4614-A934-F0F4073E8E1D}.Release|Any CPU.ActiveCfg = Release|Any CPU
		{000D1C5F-0D15-4614-A934-F0F4073E8E1D}.Release|Any CPU.Build.0 = Release|Any CPU
	EndGlobalSection
	GlobalSection(SolutionProperties) = preSolution
		HideSolutionNode = FALSE
	EndGlobalSection
	GlobalSection(ExtensibilityGlobals) = postSolution
		SolutionGuid = {51FE806E-5051-4ED1-A865-F5AD642F4E41}
	EndGlobalSection
EndGlobal
